<Solution>
  <Configurations>
    <Platform Name="Any CPU" />
    <Platform Name="x64" />
    <Platform Name="x86" />
  </Configurations>
  <Project Path="EIV_Coroutines.Examples/EIV_Coroutines.Examples.csproj" />
  <Project Path="EIV_Coroutines.Test/EIV_Coroutines.Test.csproj" />
  <Project Path="EIV_Coroutines/EIV_Coroutines.csproj" />
</Solution>
